
Microsoft Visual Studio Solution File, Format Version 12.00
Project("{FAE04EC0-301F-11D3-BF4B-00C04F79EFBC}") = "MqttBenchmark", "MqttBenchmark\MqttBenchmark.csproj", "{3DFD841A-04AD-4F53-A286-04B6DB4F255C}"
EndProject
Global
	GlobalSection(SolutionConfigurationPlatforms) = preSolution
		Debug|Any CPU = Debug|Any CPU
		Release|Any CPU = Release|Any CPU
	EndGlobalSection
	GlobalSection(ProjectConfigurationPlatforms) = postSolution
		{3DFD841A-04AD-4F53-A286-04B6DB4F255C}.Debug|Any CPU.ActiveCfg = Debug|Any CPU
		{3DFD841A-04AD-4F53-A286-04B6DB4F255C}.Debug|Any CPU.Build.0 = Debug|Any CPU
		{3DFD841A-04AD-4F53-A286-04B6DB4F255C}.Release|Any CPU.ActiveCfg = Release|Any CPU
		{3DFD841A-04AD-4F53-A286-04B6DB4F255C}.Release|Any CPU.Build.0 = Release|Any CPU
	EndGlobalSection
EndGlobal
